
Microsoft Visual Studio Solution File, Format Version 12.00
# Visual Studio Version 17
VisualStudioVersion = 17.11.35312.102
MinimumVisualStudioVersion = 10.0.40219.1
Project("{FAE04EC0-301F-11D3-BF4B-00C04F79EFBC}") = "BookingWebAPI", "BookingWebAPI\BookingWebAPI.csproj", "{D2ED7FAF-909A-47E9-B457-439C0620813E}"
EndProject
Global
	GlobalSection(SolutionConfigurationPlatforms) = preSolution
		Debug|Any CPU = Debug|Any CPU
		Release|Any CPU = Release|Any CPU
	EndGlobalSection
	GlobalSection(ProjectConfigurationPlatforms) = postSolution
		{D2ED7FAF-909A-47E9-B457-439C0620813E}.Debug|Any CPU.ActiveCfg = Debug|Any CPU
		{D2ED7FAF-909A-47E9-B457-439C0620813E}.Debug|Any CPU.Build.0 = Debug|Any CPU
		{D2ED7FAF-909A-47E9-B457-439C0620813E}.Release|Any CPU.ActiveCfg = Release|Any CPU
		{D2ED7FAF-909A-47E9-B457-439C0620813E}.Release|Any CPU.Build.0 = Release|Any CPU
	EndGlobalSection
	GlobalSection(SolutionProperties) = preSolution
		HideSolutionNode = FALSE
	EndGlobalSection
	GlobalSection(ExtensibilityGlobals) = postSolution
		SolutionGuid = {1FC13C04-BF5F-4264-A4CB-72B6BDAA3B11}
	EndGlobalSection
EndGlobal
